// !$*UTF8*$!
{
	archiveVersion = 1;
	classes = {
	};
	objectVersion = 56;
	objects = {

/* Begin PBXBuildFile section */
		F93D83F12924259E008F6D91 /* MainViewController.swift in Sources */ = {isa = PBXBuildFile; fileRef = F93D83F02924259E008F6D91 /* MainViewController.swift */; };
		F946EF64290EAE6100DA6671 /* AppDelegate.swift in Sources */ = {isa = PBXBuildFile; fileRef = F946EF63290EAE6100DA6671 /* AppDelegate.swift */; };
		F946EF66290EAE6100DA6671 /* SceneDelegate.swift in Sources */ = {isa = PBXBuildFile; fileRef = F946EF65290EAE6100DA6671 /* SceneDelegate.swift */; };
		F946EF68290EAE6100DA6671 /* SettingViewController.swift in Sources */ = {isa = PBXBuildFile; fileRef = F946EF67290EAE6100DA6671 /* SettingViewController.swift */; };
		F946EF6B290EAE6100DA6671 /* Main.storyboard in Resources */ = {isa = PBXBuildFile; fileRef = F946EF69290EAE6100DA6671 /* Main.storyboard */; };
		F946EF6D290EAE6200DA6671 /* Assets.xcassets in Resources */ = {isa = PBXBuildFile; fileRef = F946EF6C290EAE6200DA6671 /* Assets.xcassets */; };
		F946EF70290EAE6200DA6671 /* LaunchScreen.storyboard in Resources */ = {isa = PBXBuildFile; fileRef = F946EF6E290EAE6200DA6671 /* LaunchScreen.storyboard */; };
/* End PBXBuildFile section */

/* Begin PBXFileReference section */
		F93D83F02924259E008F6D91 /* MainViewController.swift */ = {isa = PBXFileReference; lastKnownFileType = sourcecode.swift; path = MainViewController.swift; sourceTree = "<group>"; };
		F946EF60290EAE6100DA6671 /* ColorSlider.app */ = {isa = PBXFileReference; explicitFileType = wrapper.application; includeInIndex = 0; path = ColorSlider.app; sourceTree = BUILT_PRODUCTS_DIR; };
		F946EF63290EAE6100DA6671 /* AppDelegate.swift */ = {isa = PBXFileReference; lastKnownFileType = sourcecode.swift; path = AppDelegate.swift; sourceTree = "<group>"; };
		F946EF65290EAE6100DA6671 /* SceneDelegate.swift */ = {isa = PBXFileReference; lastKnownFileType = sourcecode.swift; path = SceneDelegate.swift; sourceTree = "<group>"; };
		F946EF67290EAE6100DA6671 /* SettingViewController.swift */ = {isa = PBXFileReference; lastKnownFileType = sourcecode.swift; path = SettingViewController.swift; sourceTree = "<group>"; };
		F946EF6A290EAE6100DA6671 /* Base */ = {isa = PBXFileReference; lastKnownFileType = file.storyboard; name = Base; path = Base.lproj/Main.storyboard; sourceTree = "<group>"; };
		F946EF6C290EAE6200DA6671 /* Assets.xcassets */ = {isa = PBXFileReference; lastKnownFileType = folder.assetcatalog; path = Assets.xcassets; sourceTree = "<group>"; };
		F946EF6F290EAE6200DA6671 /* Base */ = {isa = PBXFileReference; lastKnownFileType = file.storyboard; name = Base; path = Base.lproj/LaunchScreen.storyboard; sourceTree = "<group>"; };
		F946EF71290EAE6200DA6671 /* Info.plist */ = {isa = PBXFileReference; lastKnownFileType = text.plist.xml; path = Info.plist; sourceTree = "<group>"; };
/* End PBXFileReference section */

/* Begin PBXFrameworksBuildPhase section */
		F946EF5D290EAE6100DA6671 /* Frameworks */ = {
			isa = PBXFrameworksBuildPhase;
			buildActionMask = 2147483647;
			files = (
			);
			runOnlyForDeploymentPostprocessing = 0;
		};
/* End PBXFrameworksBuildPhase section */

/* Begin PBXGroup section */
		F93D83F3292427AA008F6D91 /* View Controllers */ = {
			isa = PBXGroup;
			children = (
				F946EF67290EAE6100DA6671 /* SettingViewController.swift */,
				F93D83F02924259E008F6D91 /* MainViewController.swift */,
			);
			path = "View Controllers";
			sourceTree = "<group>";
		};
		F93D83F4292427DD008F6D91 /* SupportingFiles */ = {
			isa = PBXGroup;
			children = (
				F946EF63290EAE6100DA6671 /* AppDelegate.swift */,
				F946EF65290EAE6100DA6671 /* SceneDelegate.swift */,
				F946EF71290EAE6200DA6671 /* Info.plist */,
			);
			path = SupportingFiles;
			sourceTree = "<group>";
		};
		F93D83F529242816008F6D91 /* Storyboards */ = {
			isa = PBXGroup;
			children = (
				F946EF69290EAE6100DA6671 /* Main.storyboard */,
				F946EF6E290EAE6200DA6671 /* LaunchScreen.storyboard */,
			);
			path = Storyboards;
			sourceTree = "<group>";
		};
		F93D83F629242825008F6D91 /* Sources */ = {
			isa = PBXGroup;
			children = (
				F946EF6C290EAE6200DA6671 /* Assets.xcassets */,
			);
			path = Sources;
			sourceTree = "<group>";
		};
		F946EF57290EAE6000DA6671 = {
			isa = PBXGroup;
			children = (
				F946EF62290EAE6100DA6671 /* ColorSlider */,
				F946EF61290EAE6100DA6671 /* Products */,
			);
			sourceTree = "<group>";
		};
		F946EF61290EAE6100DA6671 /* Products */ = {
			isa = PBXGroup;
			children = (
				F946EF60290EAE6100DA6671 /* ColorSlider.app */,
			);
			name = Products;
			sourceTree = "<group>";
		};
		F946EF62290EAE6100DA6671 /* ColorSlider */ = {
			isa = PBXGroup;
			children = (
				F93D83F4292427DD008F6D91 /* SupportingFiles */,
				F93D83F3292427AA008F6D91 /* View Controllers */,
				F93D83F529242816008F6D91 /* Storyboards */,
				F93D83F629242825008F6D91 /* Sources */,
			);
			path = ColorSlider;
			sourceTree = "<group>";
		};
/* End PBXGroup section */

/* Begin PBXNativeTarget section */
		F946EF5F290EAE6100DA6671 /* ColorSlider */ = {
			isa = PBXNativeTarget;
			buildConfigurationList = F946EF74290EAE6200DA6671 /* Build configuration list for PBXNativeTarget "ColorSlider" */;
			buildPhases = (
				F946EF5C290EAE6100DA6671 /* Sources */,
				F946EF5D290EAE6100DA6671 /* Frameworks */,
				F946EF5E290EAE6100DA6671 /* Resources */,
			);
			buildRules = (
			);
			dependencies = (
			);
			name = ColorSlider;
			productName = ColorSlider;
			productReference = F946EF60290EAE6100DA6671 /* ColorSlider.app */;
			productType = "com.apple.product-type.application";
		};
/* End PBXNativeTarget section */

/* Begin PBXProject section */
		F946EF58290EAE6100DA6671 /* Project object */ = {
			isa = PBXProject;
			attributes = {
				BuildIndependentTargetsInParallel = 1;
				LastSwiftUpdateCheck = 1400;
				LastUpgradeCheck = 1400;
				TargetAttributes = {
					F946EF5F290EAE6100DA6671 = {
						CreatedOnToolsVersion = 14.0.1;
					};
				};
			};
			buildConfigurationList = F946EF5B290EAE6100DA6671 /* Build configuration list for PBXProject "ColorSlider" */;
			compatibilityVersion = "Xcode 14.0";
			developmentRegion = en;
			hasScannedForEncodings = 0;
			knownRegions = (
				en,
				Base,
			);
			mainGroup = F946EF57290EAE6000DA6671;
			productRefGroup = F946EF61290EAE6100DA6671 /* Products */;
			projectDirPath = "";
			projectRoot = "";
			targets = (
				F946EF5F290EAE6100DA6671 /* ColorSlider */,
			);
		};
/* End PBXProject section */

/* Begin PBXResourcesBuildPhase section */
		F946EF5E290EAE6100DA6671 /* Resources */ = {
			isa = PBXResourcesBuildPhase;
			buildActionMask = 2147483647;
			files = (
				F946EF70290EAE6200DA6671 /* LaunchScreen.storyboard in Resources */,
				F946EF6D290EAE6200DA6671 /* Assets.xcassets in Resources */,
				F946EF6B290EAE6100DA6671 /* Main.storyboard in Resources */,
			);
			runOnlyForDeploymentPostprocessing = 0;
		};
/* End PBXResourcesBuildPhase section */

/* Begin PBXSourcesBuildPhase section */
		F946EF5C290EAE6100DA6671 /* Sources */ = {
			isa = PBXSourcesBuildPhase;
			buildActionMask = 2147483647;
			files = (
				F946EF68290EAE6100DA6671 /* SettingViewController.swift in Sources */,
				F946EF64290EAE6100DA6671 /* AppDelegate.swift in Sources */,
				F946EF66290EAE6100DA6671 /* SceneDelegate.swift in Sources */,
				F93D83F12924259E008F6D91 /* MainViewController.swift in Sources */,
			);
			runOnlyForDeploymentPostprocessing = 0;
		};
/* End PBXSourcesBuildPhase section */

/* Begin PBXVariantGroup section */
		F946EF69290EAE6100DA6671 /* Main.storyboard */ = {
			isa = PBXVariantGroup;
			children = (
				F946EF6A290EAE6100DA6671 /* Base */,
			);
			name = Main.storyboard;
			sourceTree = "<group>";
		};
		F946EF6E290EAE6200DA6671 /* LaunchScreen.storyboard */ = {
			isa = PBXVariantGroup;
			children = (
				F946EF6F290EAE6200DA6671 /* Base */,
			);
			name = LaunchScreen.storyboard;
			sourceTree = "<group>";
		};
/* End PBXVariantGroup section */

/* Begin XCBuildConfiguration section */
		F946EF72290EAE6200DA6671 /* Debug */ = {
			isa = XCBuildConfiguration;
			buildSettings = {
				ALWAYS_SEARCH_USER_PATHS = NO;
				CLANG_ANALYZER_NONNULL = YES;
				CLANG_ANALYZER_NUMBER_OBJECT_CONVERSION = YES_AGGRESSIVE;
				CLANG_CXX_LANGUAGE_STANDARD = "gnu++20";
				CLANG_ENABLE_MODULES = YES;
				CLANG_ENABLE_OBJC_ARC = YES;
				CLANG_ENABLE_OBJC_WEAK = YES;
				CLANG_WARN_BLOCK_CAPTURE_AUTORELEASING = YES;
				CLANG_WARN_BOOL_CONVERSION = YES;
				CLANG_WARN_COMMA = YES;
				CLANG_WARN_CONSTANT_CONVERSION = YES;
				CLANG_WARN_DEPRECATED_OBJC_IMPLEMENTATIONS = YES;
				CLANG_WARN_DIRECT_OBJC_ISA_USAGE = YES_ERROR;
				CLANG_WARN_DOCUMENTATION_COMMENTS = YES;
				CLANG_WARN_EMPTY_BODY = YES;
				CLANG_WARN_ENUM_CONVERSION = YES;
				CLANG_WARN_INFINITE_RECURSION = YES;
				CLANG_WARN_INT_CONVERSION = YES;
				CLANG_WARN_NON_LITERAL_NULL_CONVERSION = YES;
				CLANG_WARN_OBJC_IMPLICIT_RETAIN_SELF = YES;
				CLANG_WARN_OBJC_LITERAL_CONVERSION = YES;
				CLANG_WARN_OBJC_ROOT_CLASS = YES_ERROR;
				CLANG_WARN_QUOTED_INCLUDE_IN_FRAMEWORK_HEADER = YES;
				CLANG_WARN_RANGE_LOOP_ANALYSIS = YES;
				CLANG_WARN_STRICT_PROTOTYPES = YES;
				CLANG_WARN_SUSPICIOUS_MOVE = YES;
				CLANG_WARN_UNGUARDED_AVAILABILITY = YES_AGGRESSIVE;
				CLANG_WARN_UNREACHABLE_CODE = YES;
				CLANG_WARN__DUPLICATE_METHOD_MATCH = YES;
				COPY_PHASE_STRIP = NO;
				DEBUG_INFORMATION_FORMAT = dwarf;
				ENABLE_STRICT_OBJC_MSGSEND = YES;
				ENABLE_TESTABILITY = YES;
				GCC_C_LANGUAGE_STANDARD = gnu11;
				GCC_DYNAMIC_NO_PIC = NO;
				GCC_NO_COMMON_BLOCKS = YES;
				GCC_OPTIMIZATION_LEVEL = 0;
				GCC_PREPROCESSOR_DEFINITIONS = (
					"DEBUG=1",
					"$(inherited)",
				);
				GCC_WARN_64_TO_32_BIT_CONVERSION = YES;
				GCC_WARN_ABOUT_RETURN_TYPE = YES_ERROR;
				GCC_WARN_UNDECLARED_SELECTOR = YES;
				GCC_WARN_UNINITIALIZED_AUTOS = YES_AGGRESSIVE;
				GCC_WARN_UNUSED_FUNCTION = YES;
				GCC_WARN_UNUSED_VARIABLE = YES;
				IPHONEOS_DEPLOYMENT_TARGET = 16.0;
				MTL_ENABLE_DEBUG_INFO = INCLUDE_SOURCE;
				MTL_FAST_MATH = YES;
				ONLY_ACTIVE_ARCH = YES;
				SDKROOT = iphoneos;
				SWIFT_ACTIVE_COMPILATION_CONDITIONS = DEBUG;
				SWIFT_OPTIMIZATION_LEVEL = "-Onone";
			};
			name = Debug;
		};
		F946EF73290EAE6200DA6671 /* Release */ = {
			isa = XCBuildConfiguration;
			buildSettings = {
				ALWAYS_SEARCH_USER_PATHS = NO;
				CLANG_ANALYZER_NONNULL = YES;
				CLANG_ANALYZER_NUMBER_OBJECT_CONVERSION = YES_AGGRESSIVE;
				CLANG_CXX_LANGUAGE_STANDARD = "gnu++20";
				CLANG_ENABLE_MODULES = YES;
				CLANG_ENABLE_OBJC_ARC = YES;
				CLANG_ENABLE_OBJC_WEAK = YES;
				CLANG_WARN_BLOCK_CAPTURE_AUTORELEASING = YES;
				CLANG_WARN_BOOL_CONVERSION = YES;
				CLANG_WARN_COMMA = YES;
				CLANG_WARN_CONSTANT_CONVERSION = YES;
				CLANG_WARN_DEPRECATED_OBJC_IMPLEMENTATIONS = YES;
				CLANG_WARN_DIRECT_OBJC_ISA_USAGE = YES_ERROR;
				CLANG_WARN_DOCUMENTATION_COMMENTS = YES;
				CLANG_WARN_EMPTY_BODY = YES;
				CLANG_WARN_ENUM_CONVERSION = YES;
				CLANG_WARN_INFINITE_RECURSION = YES;
				CLANG_WARN_INT_CONVERSION = YES;
				CLANG_WARN_NON_LITERAL_NULL_CONVERSION = YES;
				CLANG_WARN_OBJC_IMPLICIT_RETAIN_SELF = YES;
				CLANG_WARN_OBJC_LITERAL_CONVERSION = YES;
				CLANG_WARN_OBJC_ROOT_CLASS = YES_ERROR;
				CLANG_WARN_QUOTED_INCLUDE_IN_FRAMEWORK_HEADER = YES;
				CLANG_WARN_RANGE_LOOP_ANALYSIS = YES;
				CLANG_WARN_STRICT_PROTOTYPES = YES;
				CLANG_WARN_SUSPICIOUS_MOVE = YES;
				CLANG_WARN_UNGUARDED_AVAILABILITY = YES_AGGRESSIVE;
				CLANG_WARN_UNREACHABLE_CODE = YES;
				CLANG_WARN__DUPLICATE_METHOD_MATCH = YES;
				COPY_PHASE_STRIP = NO;
				DEBUG_INFORMATION_FORMAT = "dwarf-with-dsym";
				ENABLE_NS_ASSERTIONS = NO;
				ENABLE_STRICT_OBJC_MSGSEND = YES;
				GCC_C_LANGUAGE_STANDARD = gnu11;
				GCC_NO_COMMON_BLOCKS = YES;
				GCC_WARN_64_TO_32_BIT_CONVERSION = YES;
				GCC_WARN_ABOUT_RETURN_TYPE = YES_ERROR;
				GCC_WARN_UNDECLARED_SELECTOR = YES;
				GCC_WARN_UNINITIALIZED_AUTOS = YES_AGGRESSIVE;
				GCC_WARN_UNUSED_FUNCTION = YES;
				GCC_WARN_UNUSED_VARIABLE = YES;
				IPHONEOS_DEPLOYMENT_TARGET = 16.0;
				MTL_ENABLE_DEBUG_INFO = NO;
				MTL_FAST_MATH = YES;
				SDKROOT = iphoneos;
				SWIFT_COMPILATION_MODE = wholemodule;
				SWIFT_OPTIMIZATION_LEVEL = "-O";
				VALIDATE_PRODUCT = YES;
			};
			name = Release;
		};
		F946EF75290EAE6200DA6671 /* Debug */ = {
			isa = XCBuildConfiguration;
			buildSettings = {
				ASSETCATALOG_COMPILER_APPICON_NAME = AppIcon;
				ASSETCATALOG_COMPILER_GLOBAL_ACCENT_COLOR_NAME = AccentColor;
				CODE_SIGN_STYLE = Automatic;
				CURRENT_PROJECT_VERSION = 1;
				DEVELOPMENT_TEAM = ZRTD52285X;
				GENERATE_INFOPLIST_FILE = YES;
				INFOPLIST_FILE = ColorSlider/SupportingFiles/Info.plist;
				INFOPLIST_KEY_UIApplicationSupportsIndirectInputEvents = YES;
				INFOPLIST_KEY_UILaunchStoryboardName = LaunchScreen;
				INFOPLIST_KEY_UIMainStoryboardFile = Main;
				INFOPLIST_KEY_UISupportedInterfaceOrientations_iPad = "UIInterfaceOrientationPortrait UIInterfaceOrientationPortraitUpsideDown UIInterfaceOrientationLandscapeLeft UIInterfaceOrientationLandscapeRight";
				INFOPLIST_KEY_UISupportedInterfaceOrientations_iPhone = "UIInterfaceOrientationPortrait UIInterfaceOrientationLandscapeLeft UIInterfaceOrientationLandscapeRight";
				LD_RUNPATH_SEARCH_PATHS = (
					"$(inherited)",
					"@executable_path/Frameworks",
				);
				MARKETING_VERSION = 1.0;
				PRODUCT_BUNDLE_IDENTIFIER = "gileva-vd.ColorSlider";
				PRODUCT_NAME = "$(TARGET_NAME)";
				SWIFT_EMIT_LOC_STRINGS = YES;
				SWIFT_VERSION = 5.0;
				TARGETED_DEVICE_FAMILY = "1,2";
			};
			name = Debug;
		};
		F946EF76290EAE6200DA6671 /* Release */ = {
			isa = XCBuildConfiguration;
			buildSettings = {
				ASSETCATALOG_COMPILER_APPICON_NAME = AppIcon;
				ASSETCATALOG_COMPILER_GLOBAL_ACCENT_COLOR_NAME = AccentColor;
				CODE_SIGN_STYLE = Automatic;
				CURRENT_PROJECT_VERSION = 1;
				DEVELOPMENT_TEAM = ZRTD52285X;
				GENERATE_INFOPLIST_FILE = YES;
				INFOPLIST_FILE = ColorSlider/SupportingFiles/Info.plist;
				INFOPLIST_KEY_UIApplicationSupportsIndirectInputEvents = YES;
				INFOPLIST_KEY_UILaunchStoryboardName = LaunchScreen;
				INFOPLIST_KEY_UIMainStoryboardFile = Main;
				INFOPLIST_KEY_UISupportedInterfaceOrientations_iPad = "UIInterfaceOrientationPortrait UIInterfaceOrientationPortraitUpsideDown UIInterfaceOrientationLandscapeLeft UIInterfaceOrientationLandscapeRight";
				INFOPLIST_KEY_UISupportedInterfaceOrientations_iPhone = "UIInterfaceOrientationPortrait UIInterfaceOrientationLandscapeLeft UIInterfaceOrientationLandscapeRight";
				LD_RUNPATH_SEARCH_PATHS = (
					"$(inherited)",
					"@executable_path/Frameworks",
				);
				MARKETING_VERSION = 1.0;
				PRODUCT_BUNDLE_IDENTIFIER = "gileva-vd.ColorSlider";
				PRODUCT_NAME = "$(TARGET_NAME)";
				SWIFT_EMIT_LOC_STRINGS = YES;
				SWIFT_VERSION = 5.0;
				TARGETED_DEVICE_FAMILY = "1,2";
			};
			name = Release;
		};
/* End XCBuildConfiguration section */

/* Begin XCConfigurationList section */
		F946EF5B290EAE6100DA6671 /* Build configuration list for PBXProject "ColorSlider" */ = {
			isa = XCConfigurationList;
			buildConfigurations = (
				F946EF72290EAE6200DA6671 /* Debug */,
				F946EF73290EAE6200DA6671 /* Release */,
			);
			defaultConfigurationIsVisible = 0;
			defaultConfigurationName = Release;
		};
		F946EF74290EAE6200DA6671 /* Build configuration list for PBXNativeTarget "ColorSlider" */ = {
			isa = XCConfigurationList;
			buildConfigurations = (
				F946EF75290EAE6200DA6671 /* Debug */,
				F946EF76290EAE6200DA6671 /* Release */,
			);
			defaultConfigurationIsVisible = 0;
			defaultConfigurationName = Release;
		};
/* End XCConfigurationList section */
	};
	rootObject = F946EF58290EAE6100DA6671 /* Project object */;
}
